// !$*UTF8*$!
{
	archiveVersion = 1;
	classes = {
	};
	objectVersion = 56;
	objects = {

/* Begin PBXBuildFile section */
		8C557B282CB1225A0043DC74 /* Coordinator.swift in Sources */ = {isa = PBXBuildFile; fileRef = 8C557B272CB1225A0043DC74 /* Coordinator.swift */; };
		8CD08DB02CAFFC4B00FE5B9D /* AppDelegate.swift in Sources */ = {isa = PBXBuildFile; fileRef = 8CD08DAF2CAFFC4B00FE5B9D /* AppDelegate.swift */; };
		8CD08DB22CAFFC4B00FE5B9D /* SceneDelegate.swift in Sources */ = {isa = PBXBuildFile; fileRef = 8CD08DB12CAFFC4B00FE5B9D /* SceneDelegate.swift */; };
		8CD08DB42CAFFC4B00FE5B9D /* ViewController.swift in Sources */ = {isa = PBXBuildFile; fileRef = 8CD08DB32CAFFC4B00FE5B9D /* ViewController.swift */; };
		8CD08DB92CAFFC4D00FE5B9D /* Assets.xcassets in Resources */ = {isa = PBXBuildFile; fileRef = 8CD08DB82CAFFC4D00FE5B9D /* Assets.xcassets */; };
		8CD08DBC2CAFFC4D00FE5B9D /* Base in Resources */ = {isa = PBXBuildFile; fileRef = 8CD08DBB2CAFFC4D00FE5B9D /* Base */; };
		8CD08DD32CB001AD00FE5B9D /* LICENSE.txt in Resources */ = {isa = PBXBuildFile; fileRef = 8CD08DC52CB001AD00FE5B9D /* LICENSE.txt */; };
		8CD08DD42CB001AD00FE5B9D /* Roboto-Black.ttf in Resources */ = {isa = PBXBuildFile; fileRef = 8CD08DC62CB001AD00FE5B9D /* Roboto-Black.ttf */; };
		8CD08DD52CB001AD00FE5B9D /* Roboto-BlackItalic.ttf in Resources */ = {isa = PBXBuildFile; fileRef = 8CD08DC72CB001AD00FE5B9D /* Roboto-BlackItalic.ttf */; };
		8CD08DD62CB001AD00FE5B9D /* Roboto-Bold.ttf in Resources */ = {isa = PBXBuildFile; fileRef = 8CD08DC82CB001AD00FE5B9D /* Roboto-Bold.ttf */; };
		8CD08DD72CB001AD00FE5B9D /* Roboto-BoldItalic.ttf in Resources */ = {isa = PBXBuildFile; fileRef = 8CD08DC92CB001AD00FE5B9D /* Roboto-BoldItalic.ttf */; };
		8CD08DD82CB001AD00FE5B9D /* Roboto-Italic.ttf in Resources */ = {isa = PBXBuildFile; fileRef = 8CD08DCA2CB001AD00FE5B9D /* Roboto-Italic.ttf */; };
		8CD08DD92CB001AD00FE5B9D /* Roboto-Light.ttf in Resources */ = {isa = PBXBuildFile; fileRef = 8CD08DCB2CB001AD00FE5B9D /* Roboto-Light.ttf */; };
		8CD08DDA2CB001AD00FE5B9D /* Roboto-LightItalic.ttf in Resources */ = {isa = PBXBuildFile; fileRef = 8CD08DCC2CB001AD00FE5B9D /* Roboto-LightItalic.ttf */; };
		8CD08DDB2CB001AD00FE5B9D /* Roboto-Medium.ttf in Resources */ = {isa = PBXBuildFile; fileRef = 8CD08DCD2CB001AD00FE5B9D /* Roboto-Medium.ttf */; };
		8CD08DDC2CB001AD00FE5B9D /* Roboto-MediumItalic.ttf in Resources */ = {isa = PBXBuildFile; fileRef = 8CD08DCE2CB001AD00FE5B9D /* Roboto-MediumItalic.ttf */; };
		8CD08DDD2CB001AD00FE5B9D /* Roboto-Regular.ttf in Resources */ = {isa = PBXBuildFile; fileRef = 8CD08DCF2CB001AD00FE5B9D /* Roboto-Regular.ttf */; };
		8CD08DDE2CB001AD00FE5B9D /* Roboto-Thin.ttf in Resources */ = {isa = PBXBuildFile; fileRef = 8CD08DD02CB001AD00FE5B9D /* Roboto-Thin.ttf */; };
		8CD08DDF2CB001AD00FE5B9D /* Roboto-ThinItalic.ttf in Resources */ = {isa = PBXBuildFile; fileRef = 8CD08DD12CB001AD00FE5B9D /* Roboto-ThinItalic.ttf */; };
		8CD08DE22CB0030A00FE5B9D /* UIFont+Extension.swift in Sources */ = {isa = PBXBuildFile; fileRef = 8CD08DE12CB0030A00FE5B9D /* UIFont+Extension.swift */; };
		8CD08DE42CB0074600FE5B9D /* UIColor+Extension.swift in Sources */ = {isa = PBXBuildFile; fileRef = 8CD08DE32CB0074600FE5B9D /* UIColor+Extension.swift */; };
		8CD08DE62CB0089600FE5B9D /* AppColors.swift in Sources */ = {isa = PBXBuildFile; fileRef = 8CD08DE52CB0089600FE5B9D /* AppColors.swift */; };
/* End PBXBuildFile section */

/* Begin PBXFileReference section */
		8C557B272CB1225A0043DC74 /* Coordinator.swift */ = {isa = PBXFileReference; lastKnownFileType = sourcecode.swift; path = Coordinator.swift; sourceTree = "<group>"; };
		8CD08DAC2CAFFC4B00FE5B9D /* iOS-Deliverry-App.app */ = {isa = PBXFileReference; explicitFileType = wrapper.application; includeInIndex = 0; path = "iOS-Deliverry-App.app"; sourceTree = BUILT_PRODUCTS_DIR; };
		8CD08DAF2CAFFC4B00FE5B9D /* AppDelegate.swift */ = {isa = PBXFileReference; lastKnownFileType = sourcecode.swift; path = AppDelegate.swift; sourceTree = "<group>"; };
		8CD08DB12CAFFC4B00FE5B9D /* SceneDelegate.swift */ = {isa = PBXFileReference; lastKnownFileType = sourcecode.swift; path = SceneDelegate.swift; sourceTree = "<group>"; };
		8CD08DB32CAFFC4B00FE5B9D /* ViewController.swift */ = {isa = PBXFileReference; lastKnownFileType = sourcecode.swift; path = ViewController.swift; sourceTree = "<group>"; };
		8CD08DB82CAFFC4D00FE5B9D /* Assets.xcassets */ = {isa = PBXFileReference; lastKnownFileType = folder.assetcatalog; path = Assets.xcassets; sourceTree = "<group>"; };
		8CD08DBB2CAFFC4D00FE5B9D /* Base */ = {isa = PBXFileReference; lastKnownFileType = file.storyboard; name = Base; path = Base.lproj/LaunchScreen.storyboard; sourceTree = "<group>"; };
		8CD08DBD2CAFFC4D00FE5B9D /* Info.plist */ = {isa = PBXFileReference; lastKnownFileType = text.plist.xml; path = Info.plist; sourceTree = "<group>"; };
		8CD08DC52CB001AD00FE5B9D /* LICENSE.txt */ = {isa = PBXFileReference; fileEncoding = 4; lastKnownFileType = text; path = LICENSE.txt; sourceTree = "<group>"; };
		8CD08DC62CB001AD00FE5B9D /* Roboto-Black.ttf */ = {isa = PBXFileReference; lastKnownFileType = file; path = "Roboto-Black.ttf"; sourceTree = "<group>"; };
		8CD08DC72CB001AD00FE5B9D /* Roboto-BlackItalic.ttf */ = {isa = PBXFileReference; lastKnownFileType = file; path = "Roboto-BlackItalic.ttf"; sourceTree = "<group>"; };
		8CD08DC82CB001AD00FE5B9D /* Roboto-Bold.ttf */ = {isa = PBXFileReference; lastKnownFileType = file; path = "Roboto-Bold.ttf"; sourceTree = "<group>"; };
		8CD08DC92CB001AD00FE5B9D /* Roboto-BoldItalic.ttf */ = {isa = PBXFileReference; lastKnownFileType = file; path = "Roboto-BoldItalic.ttf"; sourceTree = "<group>"; };
		8CD08DCA2CB001AD00FE5B9D /* Roboto-Italic.ttf */ = {isa = PBXFileReference; lastKnownFileType = file; path = "Roboto-Italic.ttf"; sourceTree = "<group>"; };
		8CD08DCB2CB001AD00FE5B9D /* Roboto-Light.ttf */ = {isa = PBXFileReference; lastKnownFileType = file; path = "Roboto-Light.ttf"; sourceTree = "<group>"; };
		8CD08DCC2CB001AD00FE5B9D /* Roboto-LightItalic.ttf */ = {isa = PBXFileReference; lastKnownFileType = file; path = "Roboto-LightItalic.ttf"; sourceTree = "<group>"; };
		8CD08DCD2CB001AD00FE5B9D /* Roboto-Medium.ttf */ = {isa = PBXFileReference; lastKnownFileType = file; path = "Roboto-Medium.ttf"; sourceTree = "<group>"; };
		8CD08DCE2CB001AD00FE5B9D /* Roboto-MediumItalic.ttf */ = {isa = PBXFileReference; lastKnownFileType = file; path = "Roboto-MediumItalic.ttf"; sourceTree = "<group>"; };
		8CD08DCF2CB001AD00FE5B9D /* Roboto-Regular.ttf */ = {isa = PBXFileReference; lastKnownFileType = file; path = "Roboto-Regular.ttf"; sourceTree = "<group>"; };
		8CD08DD02CB001AD00FE5B9D /* Roboto-Thin.ttf */ = {isa = PBXFileReference; lastKnownFileType = file; path = "Roboto-Thin.ttf"; sourceTree = "<group>"; };
		8CD08DD12CB001AD00FE5B9D /* Roboto-ThinItalic.ttf */ = {isa = PBXFileReference; lastKnownFileType = file; path = "Roboto-ThinItalic.ttf"; sourceTree = "<group>"; };
		8CD08DE12CB0030A00FE5B9D /* UIFont+Extension.swift */ = {isa = PBXFileReference; lastKnownFileType = sourcecode.swift; path = "UIFont+Extension.swift"; sourceTree = "<group>"; };
		8CD08DE32CB0074600FE5B9D /* UIColor+Extension.swift */ = {isa = PBXFileReference; lastKnownFileType = sourcecode.swift; path = "UIColor+Extension.swift"; sourceTree = "<group>"; };
		8CD08DE52CB0089600FE5B9D /* AppColors.swift */ = {isa = PBXFileReference; lastKnownFileType = sourcecode.swift; path = AppColors.swift; sourceTree = "<group>"; };
/* End PBXFileReference section */

/* Begin PBXFrameworksBuildPhase section */
		8CD08DA92CAFFC4B00FE5B9D /* Frameworks */ = {
			isa = PBXFrameworksBuildPhase;
			buildActionMask = 2147483647;
			files = (
			);
			runOnlyForDeploymentPostprocessing = 0;
		};
/* End PBXFrameworksBuildPhase section */

/* Begin PBXGroup section */
		8C557B242CB121F60043DC74 /* NavigationLayer */ = {
			isa = PBXGroup;
			children = (
				8C557B262CB122360043DC74 /* Coordinators */,
				8C557B252CB1222B0043DC74 /* Contollers */,
			);
			path = NavigationLayer;
			sourceTree = "<group>";
		};
		8C557B252CB1222B0043DC74 /* Contollers */ = {
			isa = PBXGroup;
			children = (
			);
			path = Contollers;
			sourceTree = "<group>";
		};
		8C557B262CB122360043DC74 /* Coordinators */ = {
			isa = PBXGroup;
			children = (
				8C557B272CB1225A0043DC74 /* Coordinator.swift */,
			);
			path = Coordinators;
			sourceTree = "<group>";
		};
		8CD08DA32CAFFC4B00FE5B9D = {
			isa = PBXGroup;
			children = (
				8CD08DAE2CAFFC4B00FE5B9D /* iOS-Deliverry-App */,
				8CD08DAD2CAFFC4B00FE5B9D /* Products */,
			);
			sourceTree = "<group>";
		};
		8CD08DAD2CAFFC4B00FE5B9D /* Products */ = {
			isa = PBXGroup;
			children = (
				8CD08DAC2CAFFC4B00FE5B9D /* iOS-Deliverry-App.app */,
			);
			name = Products;
			sourceTree = "<group>";
		};
		8CD08DAE2CAFFC4B00FE5B9D /* iOS-Deliverry-App */ = {
			isa = PBXGroup;
			children = (
				8C557B242CB121F60043DC74 /* NavigationLayer */,
				8CD08DC32CB0016C00FE5B9D /* Resources */,
				8CD08DAF2CAFFC4B00FE5B9D /* AppDelegate.swift */,
				8CD08DB12CAFFC4B00FE5B9D /* SceneDelegate.swift */,
				8CD08DB32CAFFC4B00FE5B9D /* ViewController.swift */,
				8CD08DB82CAFFC4D00FE5B9D /* Assets.xcassets */,
				8CD08DBA2CAFFC4D00FE5B9D /* LaunchScreen.storyboard */,
				8CD08DBD2CAFFC4D00FE5B9D /* Info.plist */,
			);
			path = "iOS-Deliverry-App";
			sourceTree = "<group>";
		};
		8CD08DC32CB0016C00FE5B9D /* Resources */ = {
			isa = PBXGroup;
			children = (
				8CD08DE02CB002EB00FE5B9D /* Extensions */,
				8CD08DC42CB0017700FE5B9D /* Fonts */,
				8CD08DE52CB0089600FE5B9D /* AppColors.swift */,
			);
			path = Resources;
			sourceTree = "<group>";
		};
		8CD08DC42CB0017700FE5B9D /* Fonts */ = {
			isa = PBXGroup;
			children = (
				8CD08DD22CB001AD00FE5B9D /* Roboto */,
			);
			path = Fonts;
			sourceTree = "<group>";
		};
		8CD08DD22CB001AD00FE5B9D /* Roboto */ = {
			isa = PBXGroup;
			children = (
				8CD08DC52CB001AD00FE5B9D /* LICENSE.txt */,
				8CD08DC62CB001AD00FE5B9D /* Roboto-Black.ttf */,
				8CD08DC72CB001AD00FE5B9D /* Roboto-BlackItalic.ttf */,
				8CD08DC82CB001AD00FE5B9D /* Roboto-Bold.ttf */,
				8CD08DC92CB001AD00FE5B9D /* Roboto-BoldItalic.ttf */,
				8CD08DCA2CB001AD00FE5B9D /* Roboto-Italic.ttf */,
				8CD08DCB2CB001AD00FE5B9D /* Roboto-Light.ttf */,
				8CD08DCC2CB001AD00FE5B9D /* Roboto-LightItalic.ttf */,
				8CD08DCD2CB001AD00FE5B9D /* Roboto-Medium.ttf */,
				8CD08DCE2CB001AD00FE5B9D /* Roboto-MediumItalic.ttf */,
				8CD08DCF2CB001AD00FE5B9D /* Roboto-Regular.ttf */,
				8CD08DD02CB001AD00FE5B9D /* Roboto-Thin.ttf */,
				8CD08DD12CB001AD00FE5B9D /* Roboto-ThinItalic.ttf */,
			);
			path = Roboto;
			sourceTree = "<group>";
		};
		8CD08DE02CB002EB00FE5B9D /* Extensions */ = {
			isa = PBXGroup;
			children = (
				8CD08DE12CB0030A00FE5B9D /* UIFont+Extension.swift */,
				8CD08DE32CB0074600FE5B9D /* UIColor+Extension.swift */,
			);
			path = Extensions;
			sourceTree = "<group>";
		};
/* End PBXGroup section */

/* Begin PBXNativeTarget section */
		8CD08DAB2CAFFC4B00FE5B9D /* iOS-Deliverry-App */ = {
			isa = PBXNativeTarget;
			buildConfigurationList = 8CD08DC02CAFFC4D00FE5B9D /* Build configuration list for PBXNativeTarget "iOS-Deliverry-App" */;
			buildPhases = (
				8CD08DA82CAFFC4B00FE5B9D /* Sources */,
				8CD08DA92CAFFC4B00FE5B9D /* Frameworks */,
				8CD08DAA2CAFFC4B00FE5B9D /* Resources */,
			);
			buildRules = (
			);
			dependencies = (
			);
			name = "iOS-Deliverry-App";
			productName = "iOS-Deliverry-App";
			productReference = 8CD08DAC2CAFFC4B00FE5B9D /* iOS-Deliverry-App.app */;
			productType = "com.apple.product-type.application";
		};
/* End PBXNativeTarget section */

/* Begin PBXProject section */
		8CD08DA42CAFFC4B00FE5B9D /* Project object */ = {
			isa = PBXProject;
			attributes = {
				BuildIndependentTargetsInParallel = 1;
				LastSwiftUpdateCheck = 1540;
				LastUpgradeCheck = 1540;
				TargetAttributes = {
					8CD08DAB2CAFFC4B00FE5B9D = {
						CreatedOnToolsVersion = 15.4;
					};
				};
			};
			buildConfigurationList = 8CD08DA72CAFFC4B00FE5B9D /* Build configuration list for PBXProject "iOS-Deliverry-App" */;
			compatibilityVersion = "Xcode 14.0";
			developmentRegion = en;
			hasScannedForEncodings = 0;
			knownRegions = (
				en,
				Base,
			);
			mainGroup = 8CD08DA32CAFFC4B00FE5B9D;
			productRefGroup = 8CD08DAD2CAFFC4B00FE5B9D /* Products */;
			projectDirPath = "";
			projectRoot = "";
			targets = (
				8CD08DAB2CAFFC4B00FE5B9D /* iOS-Deliverry-App */,
			);
		};
/* End PBXProject section */

/* Begin PBXResourcesBuildPhase section */
		8CD08DAA2CAFFC4B00FE5B9D /* Resources */ = {
			isa = PBXResourcesBuildPhase;
			buildActionMask = 2147483647;
			files = (
				8CD08DDF2CB001AD00FE5B9D /* Roboto-ThinItalic.ttf in Resources */,
				8CD08DDE2CB001AD00FE5B9D /* Roboto-Thin.ttf in Resources */,
				8CD08DD32CB001AD00FE5B9D /* LICENSE.txt in Resources */,
				8CD08DB92CAFFC4D00FE5B9D /* Assets.xcassets in Resources */,
				8CD08DDA2CB001AD00FE5B9D /* Roboto-LightItalic.ttf in Resources */,
				8CD08DD62CB001AD00FE5B9D /* Roboto-Bold.ttf in Resources */,
				8CD08DDC2CB001AD00FE5B9D /* Roboto-MediumItalic.ttf in Resources */,
				8CD08DD52CB001AD00FE5B9D /* Roboto-BlackItalic.ttf in Resources */,
				8CD08DBC2CAFFC4D00FE5B9D /* Base in Resources */,
				8CD08DD82CB001AD00FE5B9D /* Roboto-Italic.ttf in Resources */,
				8CD08DD72CB001AD00FE5B9D /* Roboto-BoldItalic.ttf in Resources */,
				8CD08DDB2CB001AD00FE5B9D /* Roboto-Medium.ttf in Resources */,
				8CD08DDD2CB001AD00FE5B9D /* Roboto-Regular.ttf in Resources */,
				8CD08DD42CB001AD00FE5B9D /* Roboto-Black.ttf in Resources */,
				8CD08DD92CB001AD00FE5B9D /* Roboto-Light.ttf in Resources */,
			);
			runOnlyForDeploymentPostprocessing = 0;
		};
/* End PBXResourcesBuildPhase section */

/* Begin PBXSourcesBuildPhase section */
		8CD08DA82CAFFC4B00FE5B9D /* Sources */ = {
			isa = PBXSourcesBuildPhase;
			buildActionMask = 2147483647;
			files = (
				8CD08DB42CAFFC4B00FE5B9D /* ViewController.swift in Sources */,
				8CD08DB02CAFFC4B00FE5B9D /* AppDelegate.swift in Sources */,
				8CD08DE22CB0030A00FE5B9D /* UIFont+Extension.swift in Sources */,
				8CD08DE62CB0089600FE5B9D /* AppColors.swift in Sources */,
				8CD08DB22CAFFC4B00FE5B9D /* SceneDelegate.swift in Sources */,
				8CD08DE42CB0074600FE5B9D /* UIColor+Extension.swift in Sources */,
				8C557B282CB1225A0043DC74 /* Coordinator.swift in Sources */,
			);
			runOnlyForDeploymentPostprocessing = 0;
		};
/* End PBXSourcesBuildPhase section */

/* Begin PBXVariantGroup section */
		8CD08DBA2CAFFC4D00FE5B9D /* LaunchScreen.storyboard */ = {
			isa = PBXVariantGroup;
			children = (
				8CD08DBB2CAFFC4D00FE5B9D /* Base */,
			);
			name = LaunchScreen.storyboard;
			sourceTree = "<group>";
		};
/* End PBXVariantGroup section */

/* Begin XCBuildConfiguration section */
		8CD08DBE2CAFFC4D00FE5B9D /* Debug */ = {
			isa = XCBuildConfiguration;
			buildSettings = {
				ALWAYS_SEARCH_USER_PATHS = NO;
				ASSETCATALOG_COMPILER_GENERATE_SWIFT_ASSET_SYMBOL_EXTENSIONS = YES;
				CLANG_ANALYZER_NONNULL = YES;
				CLANG_ANALYZER_NUMBER_OBJECT_CONVERSION = YES_AGGRESSIVE;
				CLANG_CXX_LANGUAGE_STANDARD = "gnu++20";
				CLANG_ENABLE_MODULES = YES;
				CLANG_ENABLE_OBJC_ARC = YES;
				CLANG_ENABLE_OBJC_WEAK = YES;
				CLANG_WARN_BLOCK_CAPTURE_AUTORELEASING = YES;
				CLANG_WARN_BOOL_CONVERSION = YES;
				CLANG_WARN_COMMA = YES;
				CLANG_WARN_CONSTANT_CONVERSION = YES;
				CLANG_WARN_DEPRECATED_OBJC_IMPLEMENTATIONS = YES;
				CLANG_WARN_DIRECT_OBJC_ISA_USAGE = YES_ERROR;
				CLANG_WARN_DOCUMENTATION_COMMENTS = YES;
				CLANG_WARN_EMPTY_BODY = YES;
				CLANG_WARN_ENUM_CONVERSION = YES;
				CLANG_WARN_INFINITE_RECURSION = YES;
				CLANG_WARN_INT_CONVERSION = YES;
				CLANG_WARN_NON_LITERAL_NULL_CONVERSION = YES;
				CLANG_WARN_OBJC_IMPLICIT_RETAIN_SELF = YES;
				CLANG_WARN_OBJC_LITERAL_CONVERSION = YES;
				CLANG_WARN_OBJC_ROOT_CLASS = YES_ERROR;
				CLANG_WARN_QUOTED_INCLUDE_IN_FRAMEWORK_HEADER = YES;
				CLANG_WARN_RANGE_LOOP_ANALYSIS = YES;
				CLANG_WARN_STRICT_PROTOTYPES = YES;
				CLANG_WARN_SUSPICIOUS_MOVE = YES;
				CLANG_WARN_UNGUARDED_AVAILABILITY = YES_AGGRESSIVE;
				CLANG_WARN_UNREACHABLE_CODE = YES;
				CLANG_WARN__DUPLICATE_METHOD_MATCH = YES;
				COPY_PHASE_STRIP = NO;
				DEBUG_INFORMATION_FORMAT = dwarf;
				ENABLE_STRICT_OBJC_MSGSEND = YES;
				ENABLE_TESTABILITY = YES;
				ENABLE_USER_SCRIPT_SANDBOXING = YES;
				GCC_C_LANGUAGE_STANDARD = gnu17;
				GCC_DYNAMIC_NO_PIC = NO;
				GCC_NO_COMMON_BLOCKS = YES;
				GCC_OPTIMIZATION_LEVEL = 0;
				GCC_PREPROCESSOR_DEFINITIONS = (
					"DEBUG=1",
					"$(inherited)",
				);
				GCC_WARN_64_TO_32_BIT_CONVERSION = YES;
				GCC_WARN_ABOUT_RETURN_TYPE = YES_ERROR;
				GCC_WARN_UNDECLARED_SELECTOR = YES;
				GCC_WARN_UNINITIALIZED_AUTOS = YES_AGGRESSIVE;
				GCC_WARN_UNUSED_FUNCTION = YES;
				GCC_WARN_UNUSED_VARIABLE = YES;
				IPHONEOS_DEPLOYMENT_TARGET = 17.5;
				LOCALIZATION_PREFERS_STRING_CATALOGS = YES;
				MTL_ENABLE_DEBUG_INFO = INCLUDE_SOURCE;
				MTL_FAST_MATH = YES;
				ONLY_ACTIVE_ARCH = YES;
				SDKROOT = iphoneos;
				SWIFT_ACTIVE_COMPILATION_CONDITIONS = "DEBUG $(inherited)";
				SWIFT_OPTIMIZATION_LEVEL = "-Onone";
			};
			name = Debug;
		};
		8CD08DBF2CAFFC4D00FE5B9D /* Release */ = {
			isa = XCBuildConfiguration;
			buildSettings = {
				ALWAYS_SEARCH_USER_PATHS = NO;
				ASSETCATALOG_COMPILER_GENERATE_SWIFT_ASSET_SYMBOL_EXTENSIONS = YES;
				CLANG_ANALYZER_NONNULL = YES;
				CLANG_ANALYZER_NUMBER_OBJECT_CONVERSION = YES_AGGRESSIVE;
				CLANG_CXX_LANGUAGE_STANDARD = "gnu++20";
				CLANG_ENABLE_MODULES = YES;
				CLANG_ENABLE_OBJC_ARC = YES;
				CLANG_ENABLE_OBJC_WEAK = YES;
				CLANG_WARN_BLOCK_CAPTURE_AUTORELEASING = YES;
				CLANG_WARN_BOOL_CONVERSION = YES;
				CLANG_WARN_COMMA = YES;
				CLANG_WARN_CONSTANT_CONVERSION = YES;
				CLANG_WARN_DEPRECATED_OBJC_IMPLEMENTATIONS = YES;
				CLANG_WARN_DIRECT_OBJC_ISA_USAGE = YES_ERROR;
				CLANG_WARN_DOCUMENTATION_COMMENTS = YES;
				CLANG_WARN_EMPTY_BODY = YES;
				CLANG_WARN_ENUM_CONVERSION = YES;
				CLANG_WARN_INFINITE_RECURSION = YES;
				CLANG_WARN_INT_CONVERSION = YES;
				CLANG_WARN_NON_LITERAL_NULL_CONVERSION = YES;
				CLANG_WARN_OBJC_IMPLICIT_RETAIN_SELF = YES;
				CLANG_WARN_OBJC_LITERAL_CONVERSION = YES;
				CLANG_WARN_OBJC_ROOT_CLASS = YES_ERROR;
				CLANG_WARN_QUOTED_INCLUDE_IN_FRAMEWORK_HEADER = YES;
				CLANG_WARN_RANGE_LOOP_ANALYSIS = YES;
				CLANG_WARN_STRICT_PROTOTYPES = YES;
				CLANG_WARN_SUSPICIOUS_MOVE = YES;
				CLANG_WARN_UNGUARDED_AVAILABILITY = YES_AGGRESSIVE;
				CLANG_WARN_UNREACHABLE_CODE = YES;
				CLANG_WARN__DUPLICATE_METHOD_MATCH = YES;
				COPY_PHASE_STRIP = NO;
				DEBUG_INFORMATION_FORMAT = "dwarf-with-dsym";
				ENABLE_NS_ASSERTIONS = NO;
				ENABLE_STRICT_OBJC_MSGSEND = YES;
				ENABLE_USER_SCRIPT_SANDBOXING = YES;
				GCC_C_LANGUAGE_STANDARD = gnu17;
				GCC_NO_COMMON_BLOCKS = YES;
				GCC_WARN_64_TO_32_BIT_CONVERSION = YES;
				GCC_WARN_ABOUT_RETURN_TYPE = YES_ERROR;
				GCC_WARN_UNDECLARED_SELECTOR = YES;
				GCC_WARN_UNINITIALIZED_AUTOS = YES_AGGRESSIVE;
				GCC_WARN_UNUSED_FUNCTION = YES;
				GCC_WARN_UNUSED_VARIABLE = YES;
				IPHONEOS_DEPLOYMENT_TARGET = 17.5;
				LOCALIZATION_PREFERS_STRING_CATALOGS = YES;
				MTL_ENABLE_DEBUG_INFO = NO;
				MTL_FAST_MATH = YES;
				SDKROOT = iphoneos;
				SWIFT_COMPILATION_MODE = wholemodule;
				VALIDATE_PRODUCT = YES;
			};
			name = Release;
		};
		8CD08DC12CAFFC4D00FE5B9D /* Debug */ = {
			isa = XCBuildConfiguration;
			buildSettings = {
				ASSETCATALOG_COMPILER_APPICON_NAME = AppIcon;
				ASSETCATALOG_COMPILER_GLOBAL_ACCENT_COLOR_NAME = AccentColor;
				CODE_SIGN_STYLE = Automatic;
				CURRENT_PROJECT_VERSION = 1;
				DEVELOPMENT_TEAM = DD3P835Y9D;
				GENERATE_INFOPLIST_FILE = YES;
				INFOPLIST_FILE = "iOS-Deliverry-App/Info.plist";
				INFOPLIST_KEY_UIApplicationSupportsIndirectInputEvents = YES;
				INFOPLIST_KEY_UILaunchStoryboardName = LaunchScreen;
				INFOPLIST_KEY_UISupportedInterfaceOrientations_iPad = "UIInterfaceOrientationPortrait UIInterfaceOrientationPortraitUpsideDown UIInterfaceOrientationLandscapeLeft UIInterfaceOrientationLandscapeRight";
				INFOPLIST_KEY_UISupportedInterfaceOrientations_iPhone = "UIInterfaceOrientationPortrait UIInterfaceOrientationLandscapeLeft UIInterfaceOrientationLandscapeRight";
				IPHONEOS_DEPLOYMENT_TARGET = 13.0;
				LD_RUNPATH_SEARCH_PATHS = (
					"$(inherited)",
					"@executable_path/Frameworks",
				);
				MARKETING_VERSION = 1.0;
				PRODUCT_BUNDLE_IDENTIFIER = "com.aldnur.iOS-Deliverry-App";
				PRODUCT_NAME = "$(TARGET_NAME)";
				SWIFT_EMIT_LOC_STRINGS = YES;
				SWIFT_VERSION = 5.0;
				TARGETED_DEVICE_FAMILY = "1,2";
			};
			name = Debug;
		};
		8CD08DC22CAFFC4D00FE5B9D /* Release */ = {
			isa = XCBuildConfiguration;
			buildSettings = {
				ASSETCATALOG_COMPILER_APPICON_NAME = AppIcon;
				ASSETCATALOG_COMPILER_GLOBAL_ACCENT_COLOR_NAME = AccentColor;
				CODE_SIGN_STYLE = Automatic;
				CURRENT_PROJECT_VERSION = 1;
				DEVELOPMENT_TEAM = DD3P835Y9D;
				GENERATE_INFOPLIST_FILE = YES;
				INFOPLIST_FILE = "iOS-Deliverry-App/Info.plist";
				INFOPLIST_KEY_UIApplicationSupportsIndirectInputEvents = YES;
				INFOPLIST_KEY_UILaunchStoryboardName = LaunchScreen;
				INFOPLIST_KEY_UISupportedInterfaceOrientations_iPad = "UIInterfaceOrientationPortrait UIInterfaceOrientationPortraitUpsideDown UIInterfaceOrientationLandscapeLeft UIInterfaceOrientationLandscapeRight";
				INFOPLIST_KEY_UISupportedInterfaceOrientations_iPhone = "UIInterfaceOrientationPortrait UIInterfaceOrientationLandscapeLeft UIInterfaceOrientationLandscapeRight";
				IPHONEOS_DEPLOYMENT_TARGET = 13.0;
				LD_RUNPATH_SEARCH_PATHS = (
					"$(inherited)",
					"@executable_path/Frameworks",
				);
				MARKETING_VERSION = 1.0;
				PRODUCT_BUNDLE_IDENTIFIER = "com.aldnur.iOS-Deliverry-App";
				PRODUCT_NAME = "$(TARGET_NAME)";
				SWIFT_EMIT_LOC_STRINGS = YES;
				SWIFT_VERSION = 5.0;
				TARGETED_DEVICE_FAMILY = "1,2";
			};
			name = Release;
		};
/* End XCBuildConfiguration section */

/* Begin XCConfigurationList section */
		8CD08DA72CAFFC4B00FE5B9D /* Build configuration list for PBXProject "iOS-Deliverry-App" */ = {
			isa = XCConfigurationList;
			buildConfigurations = (
				8CD08DBE2CAFFC4D00FE5B9D /* Debug */,
				8CD08DBF2CAFFC4D00FE5B9D /* Release */,
			);
			defaultConfigurationIsVisible = 0;
			defaultConfigurationName = Release;
		};
		8CD08DC02CAFFC4D00FE5B9D /* Build configuration list for PBXNativeTarget "iOS-Deliverry-App" */ = {
			isa = XCConfigurationList;
			buildConfigurations = (
				8CD08DC12CAFFC4D00FE5B9D /* Debug */,
				8CD08DC22CAFFC4D00FE5B9D /* Release */,
			);
			defaultConfigurationIsVisible = 0;
			defaultConfigurationName = Release;
		};
/* End XCConfigurationList section */
	};
	rootObject = 8CD08DA42CAFFC4B00FE5B9D /* Project object */;
}
